
Microsoft Visual Studio Solution File, Format Version 12.00
# Visual Studio Version 16
VisualStudioVersion = 16.0.30907.101
MinimumVisualStudioVersion = 10.0.40219.1
Project("{FAE04EC0-301F-11D3-BF4B-00C04F79EFBC}") = "WebApplication3", "WebApplication3\WebApplication3.csproj", "{DFF3C26E-13E6-4E9B-B154-E56A1FFCE49D}"
EndProject
Global
	GlobalSection(SolutionConfigurationPlatforms) = preSolution
		Debug|Any CPU = Debug|Any CPU
		Release|Any CPU = Release|Any CPU
	EndGlobalSection
	GlobalSection(ProjectConfigurationPlatforms) = postSolution
		{DFF3C26E-13E6-4E9B-B154-E56A1FFCE49D}.Debug|Any CPU.ActiveCfg = Debug|Any CPU
		{DFF3C26E-13E6-4E9B-B154-E56A1FFCE49D}.Debug|Any CPU.Build.0 = Debug|Any CPU
		{DFF3C26E-13E6-4E9B-B154-E56A1FFCE49D}.Release|Any CPU.ActiveCfg = Release|Any CPU
		{DFF3C26E-13E6-4E9B-B154-E56A1FFCE49D}.Release|Any CPU.Build.0 = Release|Any CPU
	EndGlobalSection
	GlobalSection(SolutionProperties) = preSolution
		HideSolutionNode = FALSE
	EndGlobalSection
	GlobalSection(ExtensibilityGlobals) = postSolution
		SolutionGuid = {41A3E03B-D713-4E03-AFD1-06696D8B1930}
	EndGlobalSection
EndGlobal
